
Microsoft Visual Studio Solution File, Format Version 12.00
# Visual Studio Version 17
VisualStudioVersion = 17.0.32112.339
MinimumVisualStudioVersion = 10.0.40219.1
Project("{9A19103F-16F7-4668-BE54-9A1E7A4F7556}") = "AspNano.WebApi", "AspNano.WebApi.csproj", "{5B085394-6DB3-4206-AC3C-9DE2816AFB6C}"
EndProject
Project("{9A19103F-16F7-4668-BE54-9A1E7A4F7556}") = "AspNano.Application", "..\AspNano.Application\AspNano.Application.csproj", "{C0FDB585-90F3-4D6B-B79B-EFCE33699486}"
EndProject
Project("{9A19103F-16F7-4668-BE54-9A1E7A4F7556}") = "AspNano.Infrastructure", "..\AspNano.Infrastructure\AspNano.Infrastructure.csproj", "{B2EE8400-B120-473E-9F47-6084921D0862}"
EndProject
Project("{9A19103F-16F7-4668-BE54-9A1E7A4F7556}") = "AspNano.Entities", "..\AspNano.Core\AspNano.Entities.csproj", "{8323A828-0F03-4AB3-9D2E-5EF1FC210AC6}"
EndProject
Project("{9A19103F-16F7-4668-BE54-9A1E7A4F7556}") = "AspNano.Enums", "..\AspNano.Enums\AspNano.Enums.csproj", "{7C2EF178-6E5A-4128-B5B4-56D3BA599D60}"
EndProject
Project("{9A19103F-16F7-4668-BE54-9A1E7A4F7556}") = "AspNano.DTOs", "..\AspNano.DTOs\AspNano.DTOs.csproj", "{6454D885-830F-447F-B222-31DD82385BC9}"
EndProject
Project("{FAE04EC0-301F-11D3-BF4B-00C04F79EFBC}") = "AspNano.Common", "..\AspNano.Common\AspNano.Common.csproj", "{8F22F178-E350-4FC7-95DA-075A3FF6F51B}"
EndProject
Global
	GlobalSection(SolutionConfigurationPlatforms) = preSolution
		Debug|Any CPU = Debug|Any CPU
		Release|Any CPU = Release|Any CPU
	EndGlobalSection
	GlobalSection(ProjectConfigurationPlatforms) = postSolution
		{5B085394-6DB3-4206-AC3C-9DE2816AFB6C}.Debug|Any CPU.ActiveCfg = Debug|Any CPU
		{5B085394-6DB3-4206-AC3C-9DE2816AFB6C}.Debug|Any CPU.Build.0 = Debug|Any CPU
		{5B085394-6DB3-4206-AC3C-9DE2816AFB6C}.Release|Any CPU.ActiveCfg = Release|Any CPU
		{5B085394-6DB3-4206-AC3C-9DE2816AFB6C}.Release|Any CPU.Build.0 = Release|Any CPU
		{C0FDB585-90F3-4D6B-B79B-EFCE33699486}.Debug|Any CPU.ActiveCfg = Debug|Any CPU
		{C0FDB585-90F3-4D6B-B79B-EFCE33699486}.Debug|Any CPU.Build.0 = Debug|Any CPU
		{C0FDB585-90F3-4D6B-B79B-EFCE33699486}.Release|Any CPU.ActiveCfg = Release|Any CPU
		{C0FDB585-90F3-4D6B-B79B-EFCE33699486}.Release|Any CPU.Build.0 = Release|Any CPU
		{B2EE8400-B120-473E-9F47-6084921D0862}.Debug|Any CPU.ActiveCfg = Debug|Any CPU
		{B2EE8400-B120-473E-9F47-6084921D0862}.Debug|Any CPU.Build.0 = Debug|Any CPU
		{B2EE8400-B120-473E-9F47-6084921D0862}.Release|Any CPU.ActiveCfg = Release|Any CPU
		{B2EE8400-B120-473E-9F47-6084921D0862}.Release|Any CPU.Build.0 = Release|Any CPU
		{8323A828-0F03-4AB3-9D2E-5EF1FC210AC6}.Debug|Any CPU.ActiveCfg = Debug|Any CPU
		{8323A828-0F03-4AB3-9D2E-5EF1FC210AC6}.Debug|Any CPU.Build.0 = Debug|Any CPU
		{8323A828-0F03-4AB3-9D2E-5EF1FC210AC6}.Release|Any CPU.ActiveCfg = Release|Any CPU
		{8323A828-0F03-4AB3-9D2E-5EF1FC210AC6}.Release|Any CPU.Build.0 = Release|Any CPU
		{7C2EF178-6E5A-4128-B5B4-56D3BA599D60}.Debug|Any CPU.ActiveCfg = Debug|Any CPU
		{7C2EF178-6E5A-4128-B5B4-56D3BA599D60}.Debug|Any CPU.Build.0 = Debug|Any CPU
		{7C2EF178-6E5A-4128-B5B4-56D3BA599D60}.Release|Any CPU.ActiveCfg = Release|Any CPU
		{7C2EF178-6E5A-4128-B5B4-56D3BA599D60}.Release|Any CPU.Build.0 = Release|Any CPU
		{6454D885-830F-447F-B222-31DD82385BC9}.Debug|Any CPU.ActiveCfg = Debug|Any CPU
		{6454D885-830F-447F-B222-31DD82385BC9}.Debug|Any CPU.Build.0 = Debug|Any CPU
		{6454D885-830F-447F-B222-31DD82385BC9}.Release|Any CPU.ActiveCfg = Release|Any CPU
		{6454D885-830F-447F-B222-31DD82385BC9}.Release|Any CPU.Build.0 = Release|Any CPU
		{8F22F178-E350-4FC7-95DA-075A3FF6F51B}.Debug|Any CPU.ActiveCfg = Debug|Any CPU
		{8F22F178-E350-4FC7-95DA-075A3FF6F51B}.Debug|Any CPU.Build.0 = Debug|Any CPU
		{8F22F178-E350-4FC7-95DA-075A3FF6F51B}.Release|Any CPU.ActiveCfg = Release|Any CPU
		{8F22F178-E350-4FC7-95DA-075A3FF6F51B}.Release|Any CPU.Build.0 = Release|Any CPU
	EndGlobalSection
	GlobalSection(SolutionProperties) = preSolution
		HideSolutionNode = FALSE
	EndGlobalSection
	GlobalSection(ExtensibilityGlobals) = postSolution
		SolutionGuid = {8CA3BB98-7DDD-4FFB-8317-E0968DCB8283}
	EndGlobalSection
EndGlobal
